
Microsoft Visual Studio Solution File, Format Version 12.00
# Visual Studio Version 17
VisualStudioVersion = 17.6.33513.286
MinimumVisualStudioVersion = 10.0.40219.1
Project("{FAE04EC0-301F-11D3-BF4B-00C04F79EFBC}") = "Mod30_Prototype", "Mod30_Prototype\Mod30_Prototype.csproj", "{EAFB7FC6-9FD2-427C-8E09-6EC8EB8831E6}"
EndProject
Global
	GlobalSection(SolutionConfigurationPlatforms) = preSolution
		Debug|Any CPU = Debug|Any CPU
		Release|Any CPU = Release|Any CPU
	EndGlobalSection
	GlobalSection(ProjectConfigurationPlatforms) = postSolution
		{EAFB7FC6-9FD2-427C-8E09-6EC8EB8831E6}.Debug|Any CPU.ActiveCfg = Debug|Any CPU
		{EAFB7FC6-9FD2-427C-8E09-6EC8EB8831E6}.Debug|Any CPU.Build.0 = Debug|Any CPU
		{EAFB7FC6-9FD2-427C-8E09-6EC8EB8831E6}.Release|Any CPU.ActiveCfg = Release|Any CPU
		{EAFB7FC6-9FD2-427C-8E09-6EC8EB8831E6}.Release|Any CPU.Build.0 = Release|Any CPU
	EndGlobalSection
	GlobalSection(SolutionProperties) = preSolution
		HideSolutionNode = FALSE
	EndGlobalSection
	GlobalSection(ExtensibilityGlobals) = postSolution
		SolutionGuid = {8B39C2B1-DA2B-4630-A0E7-F9E4C1850BA5}
	EndGlobalSection
EndGlobal
